
Microsoft Visual Studio Solution File, Format Version 12.00
# Visual Studio Version 16
VisualStudioVersion = 16.0.30002.166
MinimumVisualStudioVersion = 10.0.40219.1
Project("{FAE04EC0-301F-11D3-BF4B-00C04F79EFBC}") = "MyShop.Core", "MyShop.Core\MyShop.Core.csproj", "{FE382FBF-60B5-4D3A-8DBB-D710EB2110E7}"
EndProject
Project("{FAE04EC0-301F-11D3-BF4B-00C04F79EFBC}") = "MyShop.Services", "MyShop.Services\MyShop.Services.csproj", "{88FEF5E8-1CDC-4E24-A16B-3815C1DF5EFA}"
EndProject
Project("{FAE04EC0-301F-11D3-BF4B-00C04F79EFBC}") = "MyShop.DataAccess.InMemory", "MyShop.DataAccess.InMemory\MyShop.DataAccess.InMemory.csproj", "{C3638C9F-A104-4D4E-87CF-297E89B72471}"
EndProject
Project("{FAE04EC0-301F-11D3-BF4B-00C04F79EFBC}") = "MyShop.WebUI", "MyShop.WebUI\MyShop.WebUI.csproj", "{27DD74C3-FB17-4D55-9A72-22506F35042C}"
EndProject
Project("{FAE04EC0-301F-11D3-BF4B-00C04F79EFBC}") = "MyShop.WebUI.Tests", "MyShop.WebUI.Tests\MyShop.WebUI.Tests.csproj", "{8DDC4DF4-71E3-4DE4-9F15-0A06E541469D}"
EndProject
Project("{FAE04EC0-301F-11D3-BF4B-00C04F79EFBC}") = "MyShop.DataAccess.SQL", "MyShop.DataAccess.SQL\MyShop.DataAccess.SQL.csproj", "{3ACF5842-BEEE-4CC3-9C84-C9507FA3C1E0}"
EndProject
Global
	GlobalSection(SolutionConfigurationPlatforms) = preSolution
		Debug|Any CPU = Debug|Any CPU
		Release|Any CPU = Release|Any CPU
	EndGlobalSection
	GlobalSection(ProjectConfigurationPlatforms) = postSolution
		{FE382FBF-60B5-4D3A-8DBB-D710EB2110E7}.Debug|Any CPU.ActiveCfg = Debug|Any CPU
		{FE382FBF-60B5-4D3A-8DBB-D710EB2110E7}.Debug|Any CPU.Build.0 = Debug|Any CPU
		{FE382FBF-60B5-4D3A-8DBB-D710EB2110E7}.Release|Any CPU.ActiveCfg = Release|Any CPU
		{FE382FBF-60B5-4D3A-8DBB-D710EB2110E7}.Release|Any CPU.Build.0 = Release|Any CPU
		{88FEF5E8-1CDC-4E24-A16B-3815C1DF5EFA}.Debug|Any CPU.ActiveCfg = Debug|Any CPU
		{88FEF5E8-1CDC-4E24-A16B-3815C1DF5EFA}.Debug|Any CPU.Build.0 = Debug|Any CPU
		{88FEF5E8-1CDC-4E24-A16B-3815C1DF5EFA}.Release|Any CPU.ActiveCfg = Release|Any CPU
		{88FEF5E8-1CDC-4E24-A16B-3815C1DF5EFA}.Release|Any CPU.Build.0 = Release|Any CPU
		{C3638C9F-A104-4D4E-87CF-297E89B72471}.Debug|Any CPU.ActiveCfg = Debug|Any CPU
		{C3638C9F-A104-4D4E-87CF-297E89B72471}.Debug|Any CPU.Build.0 = Debug|Any CPU
		{C3638C9F-A104-4D4E-87CF-297E89B72471}.Release|Any CPU.ActiveCfg = Release|Any CPU
		{C3638C9F-A104-4D4E-87CF-297E89B72471}.Release|Any CPU.Build.0 = Release|Any CPU
		{27DD74C3-FB17-4D55-9A72-22506F35042C}.Debug|Any CPU.ActiveCfg = Debug|Any CPU
		{27DD74C3-FB17-4D55-9A72-22506F35042C}.Debug|Any CPU.Build.0 = Debug|Any CPU
		{27DD74C3-FB17-4D55-9A72-22506F35042C}.Release|Any CPU.ActiveCfg = Release|Any CPU
		{27DD74C3-FB17-4D55-9A72-22506F35042C}.Release|Any CPU.Build.0 = Release|Any CPU
		{8DDC4DF4-71E3-4DE4-9F15-0A06E541469D}.Debug|Any CPU.ActiveCfg = Debug|Any CPU
		{8DDC4DF4-71E3-4DE4-9F15-0A06E541469D}.Debug|Any CPU.Build.0 = Debug|Any CPU
		{8DDC4DF4-71E3-4DE4-9F15-0A06E541469D}.Release|Any CPU.ActiveCfg = Release|Any CPU
		{8DDC4DF4-71E3-4DE4-9F15-0A06E541469D}.Release|Any CPU.Build.0 = Release|Any CPU
		{3ACF5842-BEEE-4CC3-9C84-C9507FA3C1E0}.Debug|Any CPU.ActiveCfg = Debug|Any CPU
		{3ACF5842-BEEE-4CC3-9C84-C9507FA3C1E0}.Debug|Any CPU.Build.0 = Debug|Any CPU
		{3ACF5842-BEEE-4CC3-9C84-C9507FA3C1E0}.Release|Any CPU.ActiveCfg = Release|Any CPU
		{3ACF5842-BEEE-4CC3-9C84-C9507FA3C1E0}.Release|Any CPU.Build.0 = Release|Any CPU
	EndGlobalSection
	GlobalSection(SolutionProperties) = preSolution
		HideSolutionNode = FALSE
	EndGlobalSection
	GlobalSection(ExtensibilityGlobals) = postSolution
		SolutionGuid = {AC56A3BD-D888-4D7A-8423-59BDF2E1A190}
	EndGlobalSection
EndGlobal
